
Microsoft Visual Studio Solution File, Format Version 12.00
# Visual Studio 14
VisualStudioVersion = 14.0.25123.0
MinimumVisualStudioVersion = 10.0.40219.1
Project("{FAE04EC0-301F-11D3-BF4B-00C04F79EFBC}") = "ScreenShotterWPF", "ScreenShotterWPF\ScreenShotterWPF.csproj", "{0FA20FAF-279F-4E3E-B9D9-E07B45825AB9}"
	ProjectSection(ProjectDependencies) = postProject
		{72E591D6-8F83-4D8C-8F67-9C325E623234} = {72E591D6-8F83-4D8C-8F67-9C325E623234}
	EndProjectSection
EndProject
Project("{FAE04EC0-301F-11D3-BF4B-00C04F79EFBC}") = "Xceed.Wpf.Toolkit", "..\wpftoolkit-114314\Main\Source\ExtendedWPFToolkitSolution\Src\Xceed.Wpf.Toolkit\Xceed.Wpf.Toolkit.csproj", "{72E591D6-8F83-4D8C-8F67-9C325E623234}"
EndProject
Global
	GlobalSection(SolutionConfigurationPlatforms) = preSolution
		Debug|Any CPU = Debug|Any CPU
		Release|Any CPU = Release|Any CPU
	EndGlobalSection
	GlobalSection(ProjectConfigurationPlatforms) = postSolution
		{0FA20FAF-279F-4E3E-B9D9-E07B45825AB9}.Debug|Any CPU.ActiveCfg = Debug|Any CPU
		{0FA20FAF-279F-4E3E-B9D9-E07B45825AB9}.Debug|Any CPU.Build.0 = Debug|Any CPU
		{0FA20FAF-279F-4E3E-B9D9-E07B45825AB9}.Release|Any CPU.ActiveCfg = Release|Any CPU
		{0FA20FAF-279F-4E3E-B9D9-E07B45825AB9}.Release|Any CPU.Build.0 = Release|Any CPU
		{72E591D6-8F83-4D8C-8F67-9C325E623234}.Debug|Any CPU.ActiveCfg = Debug|Any CPU
		{72E591D6-8F83-4D8C-8F67-9C325E623234}.Debug|Any CPU.Build.0 = Debug|Any CPU
		{72E591D6-8F83-4D8C-8F67-9C325E623234}.Release|Any CPU.ActiveCfg = Release|Any CPU
		{72E591D6-8F83-4D8C-8F67-9C325E623234}.Release|Any CPU.Build.0 = Release|Any CPU
	EndGlobalSection
	GlobalSection(SolutionProperties) = preSolution
		HideSolutionNode = FALSE
	EndGlobalSection
EndGlobal
